
Microsoft Visual Studio Solution File, Format Version 12.00
# Visual Studio Version 16
VisualStudioVersion = 16.0.31025.194
MinimumVisualStudioVersion = 10.0.40219.1
Project("{FAE04EC0-301F-11D3-BF4B-00C04F79EFBC}") = "Ace-Auto-Dealers-WebApi", "Ace-Auto-Dealers-WebApi\Ace-Auto-Dealers-WebApi.csproj", "{06454CB1-8A69-4B9E-860E-827D4372D12C}"
EndProject
Global
	GlobalSection(SolutionConfigurationPlatforms) = preSolution
		Debug|Any CPU = Debug|Any CPU
		Release|Any CPU = Release|Any CPU
	EndGlobalSection
	GlobalSection(ProjectConfigurationPlatforms) = postSolution
		{06454CB1-8A69-4B9E-860E-827D4372D12C}.Debug|Any CPU.ActiveCfg = Debug|Any CPU
		{06454CB1-8A69-4B9E-860E-827D4372D12C}.Debug|Any CPU.Build.0 = Debug|Any CPU
		{06454CB1-8A69-4B9E-860E-827D4372D12C}.Release|Any CPU.ActiveCfg = Release|Any CPU
		{06454CB1-8A69-4B9E-860E-827D4372D12C}.Release|Any CPU.Build.0 = Release|Any CPU
	EndGlobalSection
	GlobalSection(SolutionProperties) = preSolution
		HideSolutionNode = FALSE
	EndGlobalSection
	GlobalSection(ExtensibilityGlobals) = postSolution
		SolutionGuid = {AE545225-66BE-4ED7-B5D1-7C80CEE7877B}
	EndGlobalSection
EndGlobal
